# This file was autogenerated by Stack.
# You should not edit this file by hand.
# For more information, please see the documentation at:
#   https://docs.haskellstack.org/en/stable/lock_files

packages:
- completed:
    hackage: web3-1.0.1.0@sha256:b997a575bf227e462471b228609624fe0a38a547d055dee87f16461021042ad2,1375
    pantry-tree:
      sha256: 7ebbbe092bf481d6c9a2bd9b0b65ccf58e7ad40c0d96e2349d548f97f7358169
      size: 208
  original:
    hackage: web3-1.0.1.0
- completed:
    hackage: web3-ethereum-1.0.1.0@sha256:522015631b50aaf55ed3383a2c13d06eae80254108138bbf35f430a70b03a06f,5862
    pantry-tree:
      sha256: 24c2c38998a2408ae65f92750ac1a23c1489eed8b1d5ae6d15906db541e7662d
      size: 2543
  original:
    hackage: web3-ethereum-1.0.1.0
- completed:
    hackage: web3-polkadot-1.0.1.0@sha256:54e29c20bdf32b7a429428ff779de80cb309d21aa94a54eb7122a093bcbf3022,6936
    pantry-tree:
      sha256: 617fa279dfb65b103409e31f86d58f5820d2dcb4276722a4953ca53866b87186
      size: 3748
  original:
    hackage: web3-polkadot-1.0.1.0
- completed:
    hackage: web3-provider-1.0.1.0@sha256:39ff6862ff4e14db325dca7ce6f55f40193f19b5d00eca67c57d9b27e421472e,1678
    pantry-tree:
      sha256: 1cd3cc1659d7fb38fece240100e51416dc0966f7d1ce63e166e5ac8c0d6c75e7
      size: 227
  original:
    hackage: web3-provider-1.0.1.0
- completed:
    hackage: jsonrpc-tinyclient-1.0.1.0@sha256:e7074a56b008425fa4f806ed58e2fa2e598faa82dce257c46cfe1e711f165259,1629
    pantry-tree:
      sha256: 24ccac1da4a86e4c9ab70568e75f5878c3c1d4e3761617747d7d3b15213a5cba
      size: 237
  original:
    hackage: jsonrpc-tinyclient-1.0.1.0@sha256:e7074a56b008425fa4f806ed58e2fa2e598faa82dce257c46cfe1e711f165259,1629
- completed:
    hackage: memory-hexstring-1.0.1.0@sha256:372ee751d9707868efbc2bdae7b3e9f2a29387c34b0475ca41ee7a13e83c3cf2,1638
    pantry-tree:
      sha256: ca78bfbe06af343553ef618120e5512abc833e102d102e6a80b693630ed652fe
      size: 467
  original:
    hackage: memory-hexstring-1.0.1.0@sha256:372ee751d9707868efbc2bdae7b3e9f2a29387c34b0475ca41ee7a13e83c3cf2,1638
- completed:
    hackage: scale-1.0.1.0@sha256:b72014be79e1dfd920f533bd454002cf87b4a6210186e58bb8eb2fcb87af13c2,3337
    pantry-tree:
      sha256: 63c6553d07cf4cd06255922422d8cbc3d2ab1f6c8fc41275a98d2ee7e1f0fa72
      size: 960
  original:
    hackage: scale-1.0.1.0@sha256:b72014be79e1dfd920f533bd454002cf87b4a6210186e58bb8eb2fcb87af13c2,3337
- completed:
    hackage: web3-bignum-1.0.1.0@sha256:3ac6cd71eacddcb56751bc319aa8c035f2a3c35cbd7ddd1321ae3be1f47a03cb,2660
    pantry-tree:
      sha256: 49a04b8bf0e040082ad6e28e7bc568324a896fa6a94712462403fb529e6da30e
      size: 345
  original:
    hackage: web3-bignum-1.0.1.0@sha256:3ac6cd71eacddcb56751bc319aa8c035f2a3c35cbd7ddd1321ae3be1f47a03cb,2660
- completed:
    hackage: web3-crypto-1.0.1.0@sha256:d3db8260693b8da80584146919f9a3809a7effb91e28f8d75c28e010973e9497,3896
    pantry-tree:
      sha256: 28e192f0abfde8fafef76acccf18daf166e8db4af8c568adb7f38941babe7fc0
      size: 1403
  original:
    hackage: web3-crypto-1.0.1.0@sha256:d3db8260693b8da80584146919f9a3809a7effb91e28f8d75c28e010973e9497,3896
- completed:
    hackage: web3-solidity-1.0.1.0@sha256:eff20d9b02598044ae78f49cbc4a2c3dc58cfd5ca1b55f42846e28dd83459013,4431
    pantry-tree:
      sha256: d1f15765b33741a50d7f2777127b1c2ff4b10f73884bfe0e3b7c2ab6ff000abf
      size: 1663
  original:
    hackage: web3-solidity-1.0.1.0@sha256:eff20d9b02598044ae78f49cbc4a2c3dc58cfd5ca1b55f42846e28dd83459013,4431
snapshots:
- completed:
    sha256: bc144ddf301a5c99f2cf51c7de50279ba144fd4486cb3c66f87ed761d6bbf6e9
    size: 719131
    url: https://raw.githubusercontent.com/commercialhaskell/stackage-snapshots/master/lts/22/27.yaml
  original: lts-22.27
